// !$*UTF8*$!
{
	archiveVersion = 1;
	classes = {
	};
	objectVersion = 50;
	objects = {

/* Begin PBXBuildFile section */
		69037D2A222FB2C200BEDEAF /* JYKDevice.h in Headers */ = {isa = PBXBuildFile; fileRef = 69037D28222FB2C200BEDEAF /* JYKDevice.h */; };
		69037D2B222FB2C200BEDEAF /* JYKDevice.m in Sources */ = {isa = PBXBuildFile; fileRef = 69037D29222FB2C200BEDEAF /* JYKDevice.m */; };
		69037D382230F2DA00BEDEAF /* JYKViewController.h in Headers */ = {isa = PBXBuildFile; fileRef = 69037D362230F2D900BEDEAF /* JYKViewController.h */; settings = {ATTRIBUTES = (Public, ); }; };
		69037D392230F2DA00BEDEAF /* JYKViewController.m in Sources */ = {isa = PBXBuildFile; fileRef = 69037D372230F2D900BEDEAF /* JYKViewController.m */; };
		697B37442223BF25002946EC /* JYKVideoKit.h in Headers */ = {isa = PBXBuildFile; fileRef = 697B37422223BF25002946EC /* JYKVideoKit.h */; settings = {ATTRIBUTES = (Public, ); }; };
		697B377C2223C5D1002946EC /* JYKVideoRecorder.h in Headers */ = {isa = PBXBuildFile; fileRef = 697B377A2223C5D1002946EC /* JYKVideoRecorder.h */; };
		697B377D2223C5D1002946EC /* JYKVideoRecorder.m in Sources */ = {isa = PBXBuildFile; fileRef = 697B377B2223C5D1002946EC /* JYKVideoRecorder.m */; };
		697B37842223C623002946EC /* JYKBaseViewController.h in Headers */ = {isa = PBXBuildFile; fileRef = 697B37822223C623002946EC /* JYKBaseViewController.h */; };
		697B37852223C623002946EC /* JYKBaseViewController.m in Sources */ = {isa = PBXBuildFile; fileRef = 697B37832223C623002946EC /* JYKBaseViewController.m */; };
		697B378C2223C68D002946EC /* JYKPreView.h in Headers */ = {isa = PBXBuildFile; fileRef = 697B378A2223C68D002946EC /* JYKPreView.h */; };
		697B378D2223C68D002946EC /* JYKPreView.m in Sources */ = {isa = PBXBuildFile; fileRef = 697B378B2223C68D002946EC /* JYKPreView.m */; };
		697B37902223C6C5002946EC /* JYKRecordViewController.h in Headers */ = {isa = PBXBuildFile; fileRef = 697B378E2223C6C5002946EC /* JYKRecordViewController.h */; };
		697B37912223C6C5002946EC /* JYKRecordViewController.m in Sources */ = {isa = PBXBuildFile; fileRef = 697B378F2223C6C5002946EC /* JYKRecordViewController.m */; };
		697B37B72224D52F002946EC /* AppDelegate.m in Sources */ = {isa = PBXBuildFile; fileRef = 697B37B62224D52F002946EC /* AppDelegate.m */; };
		697B37BA2224D52F002946EC /* ViewController.m in Sources */ = {isa = PBXBuildFile; fileRef = 697B37B92224D52F002946EC /* ViewController.m */; };
		697B37BD2224D52F002946EC /* Main.storyboard in Resources */ = {isa = PBXBuildFile; fileRef = 697B37BB2224D52F002946EC /* Main.storyboard */; };
		697B37BF2224D530002946EC /* Assets.xcassets in Resources */ = {isa = PBXBuildFile; fileRef = 697B37BE2224D530002946EC /* Assets.xcassets */; };
		697B37C22224D530002946EC /* LaunchScreen.storyboard in Resources */ = {isa = PBXBuildFile; fileRef = 697B37C02224D530002946EC /* LaunchScreen.storyboard */; };
		697B37C52224D530002946EC /* main.m in Sources */ = {isa = PBXBuildFile; fileRef = 697B37C42224D530002946EC /* main.m */; };
		697B37CA2224D548002946EC /* JYKVideoKit.framework in Frameworks */ = {isa = PBXBuildFile; fileRef = 697B373F2223BF25002946EC /* JYKVideoKit.framework */; };
		697B37CB2224D548002946EC /* JYKVideoKit.framework in Embed Frameworks */ = {isa = PBXBuildFile; fileRef = 697B373F2223BF25002946EC /* JYKVideoKit.framework */; settings = {ATTRIBUTES = (CodeSignOnCopy, RemoveHeadersOnCopy, ); }; };
		69FA51A22231382C00080FF8 /* UIView+JYKVideo.h in Headers */ = {isa = PBXBuildFile; fileRef = 69FA51A02231382C00080FF8 /* UIView+JYKVideo.h */; };
		69FA51A32231382C00080FF8 /* UIView+JYKVideo.m in Sources */ = {isa = PBXBuildFile; fileRef = 69FA51A12231382C00080FF8 /* UIView+JYKVideo.m */; };
/* End PBXBuildFile section */

/* Begin PBXContainerItemProxy section */
		697B37CC2224D548002946EC /* PBXContainerItemProxy */ = {
			isa = PBXContainerItemProxy;
			containerPortal = 697B37362223BF24002946EC /* Project object */;
			proxyType = 1;
			remoteGlobalIDString = 697B373E2223BF25002946EC;
			remoteInfo = JYKVideoKit;
		};
/* End PBXContainerItemProxy section */

/* Begin PBXCopyFilesBuildPhase section */
		697B37CE2224D548002946EC /* Embed Frameworks */ = {
			isa = PBXCopyFilesBuildPhase;
			buildActionMask = 2147483647;
			dstPath = "";
			dstSubfolderSpec = 10;
			files = (
				697B37CB2224D548002946EC /* JYKVideoKit.framework in Embed Frameworks */,
			);
			name = "Embed Frameworks";
			runOnlyForDeploymentPostprocessing = 0;
		};
/* End PBXCopyFilesBuildPhase section */

/* Begin PBXFileReference section */
		69037D28222FB2C200BEDEAF /* JYKDevice.h */ = {isa = PBXFileReference; lastKnownFileType = sourcecode.c.h; path = JYKDevice.h; sourceTree = "<group>"; };
		69037D29222FB2C200BEDEAF /* JYKDevice.m */ = {isa = PBXFileReference; lastKnownFileType = sourcecode.c.objc; path = JYKDevice.m; sourceTree = "<group>"; };
		69037D362230F2D900BEDEAF /* JYKViewController.h */ = {isa = PBXFileReference; lastKnownFileType = sourcecode.c.h; path = JYKViewController.h; sourceTree = "<group>"; };
		69037D372230F2D900BEDEAF /* JYKViewController.m */ = {isa = PBXFileReference; lastKnownFileType = sourcecode.c.objc; path = JYKViewController.m; sourceTree = "<group>"; };
		69037D3A2230F58D00BEDEAF /* JYKAssertDefine.h */ = {isa = PBXFileReference; lastKnownFileType = sourcecode.c.h; path = JYKAssertDefine.h; sourceTree = "<group>"; };
		697B373F2223BF25002946EC /* JYKVideoKit.framework */ = {isa = PBXFileReference; explicitFileType = wrapper.framework; includeInIndex = 0; path = JYKVideoKit.framework; sourceTree = BUILT_PRODUCTS_DIR; };
		697B37422223BF25002946EC /* JYKVideoKit.h */ = {isa = PBXFileReference; lastKnownFileType = sourcecode.c.h; path = JYKVideoKit.h; sourceTree = "<group>"; };
		697B37432223BF25002946EC /* Info.plist */ = {isa = PBXFileReference; lastKnownFileType = text.plist.xml; path = Info.plist; sourceTree = "<group>"; };
		697B377A2223C5D1002946EC /* JYKVideoRecorder.h */ = {isa = PBXFileReference; lastKnownFileType = sourcecode.c.h; path = JYKVideoRecorder.h; sourceTree = "<group>"; };
		697B377B2223C5D1002946EC /* JYKVideoRecorder.m */ = {isa = PBXFileReference; lastKnownFileType = sourcecode.c.objc; path = JYKVideoRecorder.m; sourceTree = "<group>"; };
		697B37822223C623002946EC /* JYKBaseViewController.h */ = {isa = PBXFileReference; lastKnownFileType = sourcecode.c.h; path = JYKBaseViewController.h; sourceTree = "<group>"; };
		697B37832223C623002946EC /* JYKBaseViewController.m */ = {isa = PBXFileReference; lastKnownFileType = sourcecode.c.objc; path = JYKBaseViewController.m; sourceTree = "<group>"; };
		697B378A2223C68D002946EC /* JYKPreView.h */ = {isa = PBXFileReference; lastKnownFileType = sourcecode.c.h; path = JYKPreView.h; sourceTree = "<group>"; };
		697B378B2223C68D002946EC /* JYKPreView.m */ = {isa = PBXFileReference; lastKnownFileType = sourcecode.c.objc; path = JYKPreView.m; sourceTree = "<group>"; };
		697B378E2223C6C5002946EC /* JYKRecordViewController.h */ = {isa = PBXFileReference; lastKnownFileType = sourcecode.c.h; path = JYKRecordViewController.h; sourceTree = "<group>"; };
		697B378F2223C6C5002946EC /* JYKRecordViewController.m */ = {isa = PBXFileReference; lastKnownFileType = sourcecode.c.objc; path = JYKRecordViewController.m; sourceTree = "<group>"; };
		697B37AD2224D46B002946EC /* Default-568h@2x.png */ = {isa = PBXFileReference; lastKnownFileType = image.png; path = "Default-568h@2x.png"; sourceTree = "<group>"; };
		697B37B32224D52F002946EC /* JYKVideoDemo.app */ = {isa = PBXFileReference; explicitFileType = wrapper.application; includeInIndex = 0; path = JYKVideoDemo.app; sourceTree = BUILT_PRODUCTS_DIR; };
		697B37B52224D52F002946EC /* AppDelegate.h */ = {isa = PBXFileReference; lastKnownFileType = sourcecode.c.h; path = AppDelegate.h; sourceTree = "<group>"; };
		697B37B62224D52F002946EC /* AppDelegate.m */ = {isa = PBXFileReference; lastKnownFileType = sourcecode.c.objc; path = AppDelegate.m; sourceTree = "<group>"; };
		697B37B82224D52F002946EC /* ViewController.h */ = {isa = PBXFileReference; lastKnownFileType = sourcecode.c.h; path = ViewController.h; sourceTree = "<group>"; };
		697B37B92224D52F002946EC /* ViewController.m */ = {isa = PBXFileReference; lastKnownFileType = sourcecode.c.objc; path = ViewController.m; sourceTree = "<group>"; };
		697B37BC2224D52F002946EC /* Base */ = {isa = PBXFileReference; lastKnownFileType = file.storyboard; name = Base; path = Base.lproj/Main.storyboard; sourceTree = "<group>"; };
		697B37BE2224D530002946EC /* Assets.xcassets */ = {isa = PBXFileReference; lastKnownFileType = folder.assetcatalog; path = Assets.xcassets; sourceTree = "<group>"; };
		697B37C12224D530002946EC /* Base */ = {isa = PBXFileReference; lastKnownFileType = file.storyboard; name = Base; path = Base.lproj/LaunchScreen.storyboard; sourceTree = "<group>"; };
		697B37C32224D530002946EC /* Info.plist */ = {isa = PBXFileReference; lastKnownFileType = text.plist.xml; path = Info.plist; sourceTree = "<group>"; };
		697B37C42224D530002946EC /* main.m */ = {isa = PBXFileReference; lastKnownFileType = sourcecode.c.objc; path = main.m; sourceTree = "<group>"; };
		69FA51A02231382C00080FF8 /* UIView+JYKVideo.h */ = {isa = PBXFileReference; lastKnownFileType = sourcecode.c.h; path = "UIView+JYKVideo.h"; sourceTree = "<group>"; };
		69FA51A12231382C00080FF8 /* UIView+JYKVideo.m */ = {isa = PBXFileReference; lastKnownFileType = sourcecode.c.objc; path = "UIView+JYKVideo.m"; sourceTree = "<group>"; };
/* End PBXFileReference section */

/* Begin PBXFrameworksBuildPhase section */
		697B373C2223BF25002946EC /* Frameworks */ = {
			isa = PBXFrameworksBuildPhase;
			buildActionMask = 2147483647;
			files = (
			);
			runOnlyForDeploymentPostprocessing = 0;
		};
		697B37B02224D52F002946EC /* Frameworks */ = {
			isa = PBXFrameworksBuildPhase;
			buildActionMask = 2147483647;
			files = (
				697B37CA2224D548002946EC /* JYKVideoKit.framework in Frameworks */,
			);
			runOnlyForDeploymentPostprocessing = 0;
		};
/* End PBXFrameworksBuildPhase section */

/* Begin PBXGroup section */
		69037D2C222FB54B00BEDEAF /* Defs */ = {
			isa = PBXGroup;
			children = (
				69037D3A2230F58D00BEDEAF /* JYKAssertDefine.h */,
			);
			path = Defs;
			sourceTree = "<group>";
		};
		697B37352223BF24002946EC = {
			isa = PBXGroup;
			children = (
				697B37AD2224D46B002946EC /* Default-568h@2x.png */,
				697B37412223BF25002946EC /* JYKVideoKit */,
				697B37B42224D52F002946EC /* JYKVideoDemo */,
				697B37402223BF25002946EC /* Products */,
				697B376F2223C496002946EC /* Frameworks */,
			);
			sourceTree = "<group>";
		};
		697B37402223BF25002946EC /* Products */ = {
			isa = PBXGroup;
			children = (
				697B373F2223BF25002946EC /* JYKVideoKit.framework */,
				697B37B32224D52F002946EC /* JYKVideoDemo.app */,
			);
			name = Products;
			sourceTree = "<group>";
		};
		697B37412223BF25002946EC /* JYKVideoKit */ = {
			isa = PBXGroup;
			children = (
				69037D362230F2D900BEDEAF /* JYKViewController.h */,
				69037D372230F2D900BEDEAF /* JYKViewController.m */,
				69037D2C222FB54B00BEDEAF /* Defs */,
				697B37732223C4FA002946EC /* Record */,
				697B37772223C526002946EC /* Preview */,
				697B37742223C509002946EC /* Utils */,
				697B37762223C51F002946EC /* Base */,
				697B37792223C57F002946EC /* Supporting Files */,
			);
			path = JYKVideoKit;
			sourceTree = "<group>";
		};
		697B376F2223C496002946EC /* Frameworks */ = {
			isa = PBXGroup;
			children = (
			);
			name = Frameworks;
			sourceTree = "<group>";
		};
		697B37732223C4FA002946EC /* Record */ = {
			isa = PBXGroup;
			children = (
				697B378E2223C6C5002946EC /* JYKRecordViewController.h */,
				697B378F2223C6C5002946EC /* JYKRecordViewController.m */,
				697B377A2223C5D1002946EC /* JYKVideoRecorder.h */,
				697B377B2223C5D1002946EC /* JYKVideoRecorder.m */,
				69037D28222FB2C200BEDEAF /* JYKDevice.h */,
				69037D29222FB2C200BEDEAF /* JYKDevice.m */,
			);
			path = Record;
			sourceTree = "<group>";
		};
		697B37742223C509002946EC /* Utils */ = {
			isa = PBXGroup;
			children = (
				69FA51A02231382C00080FF8 /* UIView+JYKVideo.h */,
				69FA51A12231382C00080FF8 /* UIView+JYKVideo.m */,
			);
			path = Utils;
			sourceTree = "<group>";
		};
		697B37762223C51F002946EC /* Base */ = {
			isa = PBXGroup;
			children = (
				697B37822223C623002946EC /* JYKBaseViewController.h */,
				697B37832223C623002946EC /* JYKBaseViewController.m */,
			);
			path = Base;
			sourceTree = "<group>";
		};
		697B37772223C526002946EC /* Preview */ = {
			isa = PBXGroup;
			children = (
				697B378A2223C68D002946EC /* JYKPreView.h */,
				697B378B2223C68D002946EC /* JYKPreView.m */,
			);
			path = Preview;
			sourceTree = "<group>";
		};
		697B37792223C57F002946EC /* Supporting Files */ = {
			isa = PBXGroup;
			children = (
				697B37422223BF25002946EC /* JYKVideoKit.h */,
				697B37432223BF25002946EC /* Info.plist */,
			);
			name = "Supporting Files";
			sourceTree = "<group>";
		};
		697B37B42224D52F002946EC /* JYKVideoDemo */ = {
			isa = PBXGroup;
			children = (
				697B37B52224D52F002946EC /* AppDelegate.h */,
				697B37B62224D52F002946EC /* AppDelegate.m */,
				697B37B82224D52F002946EC /* ViewController.h */,
				697B37B92224D52F002946EC /* ViewController.m */,
				697B37BB2224D52F002946EC /* Main.storyboard */,
				697B37BE2224D530002946EC /* Assets.xcassets */,
				697B37C02224D530002946EC /* LaunchScreen.storyboard */,
				697B37C32224D530002946EC /* Info.plist */,
				697B37C42224D530002946EC /* main.m */,
			);
			path = JYKVideoDemo;
			sourceTree = "<group>";
		};
/* End PBXGroup section */

/* Begin PBXHeadersBuildPhase section */
		697B373A2223BF25002946EC /* Headers */ = {
			isa = PBXHeadersBuildPhase;
			buildActionMask = 2147483647;
			files = (
				69FA51A22231382C00080FF8 /* UIView+JYKVideo.h in Headers */,
				697B37442223BF25002946EC /* JYKVideoKit.h in Headers */,
				69037D382230F2DA00BEDEAF /* JYKViewController.h in Headers */,
				697B377C2223C5D1002946EC /* JYKVideoRecorder.h in Headers */,
				697B37842223C623002946EC /* JYKBaseViewController.h in Headers */,
				697B37902223C6C5002946EC /* JYKRecordViewController.h in Headers */,
				697B378C2223C68D002946EC /* JYKPreView.h in Headers */,
				69037D2A222FB2C200BEDEAF /* JYKDevice.h in Headers */,
			);
			runOnlyForDeploymentPostprocessing = 0;
		};
/* End PBXHeadersBuildPhase section */

/* Begin PBXNativeTarget section */
		697B373E2223BF25002946EC /* JYKVideoKit */ = {
			isa = PBXNativeTarget;
			buildConfigurationList = 697B37472223BF25002946EC /* Build configuration list for PBXNativeTarget "JYKVideoKit" */;
			buildPhases = (
				697B373A2223BF25002946EC /* Headers */,
				697B373B2223BF25002946EC /* Sources */,
				697B373C2223BF25002946EC /* Frameworks */,
				697B373D2223BF25002946EC /* Resources */,
			);
			buildRules = (
			);
			dependencies = (
			);
			name = JYKVideoKit;
			productName = JYKVideoKit;
			productReference = 697B373F2223BF25002946EC /* JYKVideoKit.framework */;
			productType = "com.apple.product-type.framework";
		};
		697B37B22224D52F002946EC /* JYKVideoDemo */ = {
			isa = PBXNativeTarget;
			buildConfigurationList = 697B37C62224D530002946EC /* Build configuration list for PBXNativeTarget "JYKVideoDemo" */;
			buildPhases = (
				697B37AF2224D52F002946EC /* Sources */,
				697B37B02224D52F002946EC /* Frameworks */,
				697B37B12224D52F002946EC /* Resources */,
				697B37CE2224D548002946EC /* Embed Frameworks */,
			);
			buildRules = (
			);
			dependencies = (
				697B37CD2224D548002946EC /* PBXTargetDependency */,
			);
			name = JYKVideoDemo;
			productName = JYKVideoDemo;
			productReference = 697B37B32224D52F002946EC /* JYKVideoDemo.app */;
			productType = "com.apple.product-type.application";
		};
/* End PBXNativeTarget section */

/* Begin PBXProject section */
		697B37362223BF24002946EC /* Project object */ = {
			isa = PBXProject;
			attributes = {
				LastUpgradeCheck = 1000;
				ORGANIZATIONNAME = Joyoki;
				TargetAttributes = {
					697B373E2223BF25002946EC = {
						CreatedOnToolsVersion = 10.0;
					};
					697B37B22224D52F002946EC = {
						CreatedOnToolsVersion = 10.0;
					};
				};
			};
			buildConfigurationList = 697B37392223BF24002946EC /* Build configuration list for PBXProject "JYKVideoKit" */;
			compatibilityVersion = "Xcode 9.3";
			developmentRegion = en;
			hasScannedForEncodings = 0;
			knownRegions = (
				en,
				Base,
			);
			mainGroup = 697B37352223BF24002946EC;
			productRefGroup = 697B37402223BF25002946EC /* Products */;
			projectDirPath = "";
			projectRoot = "";
			targets = (
				697B373E2223BF25002946EC /* JYKVideoKit */,
				697B37B22224D52F002946EC /* JYKVideoDemo */,
			);
		};
/* End PBXProject section */

/* Begin PBXResourcesBuildPhase section */
		697B373D2223BF25002946EC /* Resources */ = {
			isa = PBXResourcesBuildPhase;
			buildActionMask = 2147483647;
			files = (
			);
			runOnlyForDeploymentPostprocessing = 0;
		};
		697B37B12224D52F002946EC /* Resources */ = {
			isa = PBXResourcesBuildPhase;
			buildActionMask = 2147483647;
			files = (
				697B37C22224D530002946EC /* LaunchScreen.storyboard in Resources */,
				697B37BF2224D530002946EC /* Assets.xcassets in Resources */,
				697B37BD2224D52F002946EC /* Main.storyboard in Resources */,
			);
			runOnlyForDeploymentPostprocessing = 0;
		};
/* End PBXResourcesBuildPhase section */

/* Begin PBXSourcesBuildPhase section */
		697B373B2223BF25002946EC /* Sources */ = {
			isa = PBXSourcesBuildPhase;
			buildActionMask = 2147483647;
			files = (
				697B37852223C623002946EC /* JYKBaseViewController.m in Sources */,
				69FA51A32231382C00080FF8 /* UIView+JYKVideo.m in Sources */,
				697B378D2223C68D002946EC /* JYKPreView.m in Sources */,
				69037D392230F2DA00BEDEAF /* JYKViewController.m in Sources */,
				697B37912223C6C5002946EC /* JYKRecordViewController.m in Sources */,
				69037D2B222FB2C200BEDEAF /* JYKDevice.m in Sources */,
				697B377D2223C5D1002946EC /* JYKVideoRecorder.m in Sources */,
			);
			runOnlyForDeploymentPostprocessing = 0;
		};
		697B37AF2224D52F002946EC /* Sources */ = {
			isa = PBXSourcesBuildPhase;
			buildActionMask = 2147483647;
			files = (
				697B37BA2224D52F002946EC /* ViewController.m in Sources */,
				697B37C52224D530002946EC /* main.m in Sources */,
				697B37B72224D52F002946EC /* AppDelegate.m in Sources */,
			);
			runOnlyForDeploymentPostprocessing = 0;
		};
/* End PBXSourcesBuildPhase section */

/* Begin PBXTargetDependency section */
		697B37CD2224D548002946EC /* PBXTargetDependency */ = {
			isa = PBXTargetDependency;
			target = 697B373E2223BF25002946EC /* JYKVideoKit */;
			targetProxy = 697B37CC2224D548002946EC /* PBXContainerItemProxy */;
		};
/* End PBXTargetDependency section */

/* Begin PBXVariantGroup section */
		697B37BB2224D52F002946EC /* Main.storyboard */ = {
			isa = PBXVariantGroup;
			children = (
				697B37BC2224D52F002946EC /* Base */,
			);
			name = Main.storyboard;
			sourceTree = "<group>";
		};
		697B37C02224D530002946EC /* LaunchScreen.storyboard */ = {
			isa = PBXVariantGroup;
			children = (
				697B37C12224D530002946EC /* Base */,
			);
			name = LaunchScreen.storyboard;
			sourceTree = "<group>";
		};
/* End PBXVariantGroup section */

/* Begin XCBuildConfiguration section */
		697B37452223BF25002946EC /* Debug */ = {
			isa = XCBuildConfiguration;
			buildSettings = {
				ALWAYS_SEARCH_USER_PATHS = NO;
				CLANG_ANALYZER_NONNULL = YES;
				CLANG_ANALYZER_NUMBER_OBJECT_CONVERSION = YES_AGGRESSIVE;
				CLANG_CXX_LANGUAGE_STANDARD = "gnu++14";
				CLANG_CXX_LIBRARY = "libc++";
				CLANG_ENABLE_MODULES = YES;
				CLANG_ENABLE_OBJC_ARC = YES;
				CLANG_ENABLE_OBJC_WEAK = YES;
				CLANG_WARN_BLOCK_CAPTURE_AUTORELEASING = YES;
				CLANG_WARN_BOOL_CONVERSION = YES;
				CLANG_WARN_COMMA = YES;
				CLANG_WARN_CONSTANT_CONVERSION = YES;
				CLANG_WARN_DEPRECATED_OBJC_IMPLEMENTATIONS = YES;
				CLANG_WARN_DIRECT_OBJC_ISA_USAGE = YES_ERROR;
				CLANG_WARN_DOCUMENTATION_COMMENTS = YES;
				CLANG_WARN_EMPTY_BODY = YES;
				CLANG_WARN_ENUM_CONVERSION = YES;
				CLANG_WARN_INFINITE_RECURSION = YES;
				CLANG_WARN_INT_CONVERSION = YES;
				CLANG_WARN_NON_LITERAL_NULL_CONVERSION = YES;
				CLANG_WARN_OBJC_IMPLICIT_RETAIN_SELF = YES;
				CLANG_WARN_OBJC_LITERAL_CONVERSION = YES;
				CLANG_WARN_OBJC_ROOT_CLASS = YES_ERROR;
				CLANG_WARN_RANGE_LOOP_ANALYSIS = YES;
				CLANG_WARN_STRICT_PROTOTYPES = YES;
				CLANG_WARN_SUSPICIOUS_MOVE = YES;
				CLANG_WARN_UNGUARDED_AVAILABILITY = YES_AGGRESSIVE;
				CLANG_WARN_UNREACHABLE_CODE = YES;
				CLANG_WARN__DUPLICATE_METHOD_MATCH = YES;
				CODE_SIGN_IDENTITY = "iPhone Developer";
				COPY_PHASE_STRIP = NO;
				CURRENT_PROJECT_VERSION = 1;
				DEBUG_INFORMATION_FORMAT = dwarf;
				ENABLE_STRICT_OBJC_MSGSEND = YES;
				ENABLE_TESTABILITY = YES;
				GCC_C_LANGUAGE_STANDARD = gnu11;
				GCC_DYNAMIC_NO_PIC = NO;
				GCC_NO_COMMON_BLOCKS = YES;
				GCC_OPTIMIZATION_LEVEL = 0;
				GCC_PREPROCESSOR_DEFINITIONS = (
					"DEBUG=1",
					"$(inherited)",
				);
				GCC_WARN_64_TO_32_BIT_CONVERSION = YES;
				GCC_WARN_ABOUT_RETURN_TYPE = YES_ERROR;
				GCC_WARN_UNDECLARED_SELECTOR = YES;
				GCC_WARN_UNINITIALIZED_AUTOS = YES_AGGRESSIVE;
				GCC_WARN_UNUSED_FUNCTION = YES;
				GCC_WARN_UNUSED_VARIABLE = YES;
				IPHONEOS_DEPLOYMENT_TARGET = 12.0;
				MTL_ENABLE_DEBUG_INFO = INCLUDE_SOURCE;
				MTL_FAST_MATH = YES;
				ONLY_ACTIVE_ARCH = YES;
				SDKROOT = iphoneos;
				VERSIONING_SYSTEM = "apple-generic";
				VERSION_INFO_PREFIX = "";
			};
			name = Debug;
		};
		697B37462223BF25002946EC /* Release */ = {
			isa = XCBuildConfiguration;
			buildSettings = {
				ALWAYS_SEARCH_USER_PATHS = NO;
				CLANG_ANALYZER_NONNULL = YES;
				CLANG_ANALYZER_NUMBER_OBJECT_CONVERSION = YES_AGGRESSIVE;
				CLANG_CXX_LANGUAGE_STANDARD = "gnu++14";
				CLANG_CXX_LIBRARY = "libc++";
				CLANG_ENABLE_MODULES = YES;
				CLANG_ENABLE_OBJC_ARC = YES;
				CLANG_ENABLE_OBJC_WEAK = YES;
				CLANG_WARN_BLOCK_CAPTURE_AUTORELEASING = YES;
				CLANG_WARN_BOOL_CONVERSION = YES;
				CLANG_WARN_COMMA = YES;
				CLANG_WARN_CONSTANT_CONVERSION = YES;
				CLANG_WARN_DEPRECATED_OBJC_IMPLEMENTATIONS = YES;
				CLANG_WARN_DIRECT_OBJC_ISA_USAGE = YES_ERROR;
				CLANG_WARN_DOCUMENTATION_COMMENTS = YES;
				CLANG_WARN_EMPTY_BODY = YES;
				CLANG_WARN_ENUM_CONVERSION = YES;
				CLANG_WARN_INFINITE_RECURSION = YES;
				CLANG_WARN_INT_CONVERSION = YES;
				CLANG_WARN_NON_LITERAL_NULL_CONVERSION = YES;
				CLANG_WARN_OBJC_IMPLICIT_RETAIN_SELF = YES;
				CLANG_WARN_OBJC_LITERAL_CONVERSION = YES;
				CLANG_WARN_OBJC_ROOT_CLASS = YES_ERROR;
				CLANG_WARN_RANGE_LOOP_ANALYSIS = YES;
				CLANG_WARN_STRICT_PROTOTYPES = YES;
				CLANG_WARN_SUSPICIOUS_MOVE = YES;
				CLANG_WARN_UNGUARDED_AVAILABILITY = YES_AGGRESSIVE;
				CLANG_WARN_UNREACHABLE_CODE = YES;
				CLANG_WARN__DUPLICATE_METHOD_MATCH = YES;
				CODE_SIGN_IDENTITY = "iPhone Developer";
				COPY_PHASE_STRIP = NO;
				CURRENT_PROJECT_VERSION = 1;
				DEBUG_INFORMATION_FORMAT = "dwarf-with-dsym";
				ENABLE_NS_ASSERTIONS = NO;
				ENABLE_STRICT_OBJC_MSGSEND = YES;
				GCC_C_LANGUAGE_STANDARD = gnu11;
				GCC_NO_COMMON_BLOCKS = YES;
				GCC_WARN_64_TO_32_BIT_CONVERSION = YES;
				GCC_WARN_ABOUT_RETURN_TYPE = YES_ERROR;
				GCC_WARN_UNDECLARED_SELECTOR = YES;
				GCC_WARN_UNINITIALIZED_AUTOS = YES_AGGRESSIVE;
				GCC_WARN_UNUSED_FUNCTION = YES;
				GCC_WARN_UNUSED_VARIABLE = YES;
				IPHONEOS_DEPLOYMENT_TARGET = 12.0;
				MTL_ENABLE_DEBUG_INFO = NO;
				MTL_FAST_MATH = YES;
				SDKROOT = iphoneos;
				VALIDATE_PRODUCT = YES;
				VERSIONING_SYSTEM = "apple-generic";
				VERSION_INFO_PREFIX = "";
			};
			name = Release;
		};
		697B37482223BF25002946EC /* Debug */ = {
			isa = XCBuildConfiguration;
			buildSettings = {
				CODE_SIGN_IDENTITY = "";
				CODE_SIGN_STYLE = Automatic;
				DEFINES_MODULE = YES;
				DEVELOPMENT_TEAM = 2AG95DX2G9;
				DYLIB_COMPATIBILITY_VERSION = 1;
				DYLIB_CURRENT_VERSION = 1;
				DYLIB_INSTALL_NAME_BASE = "@rpath";
				ENABLE_BITCODE = NO;
				INFOPLIST_FILE = JYKVideoKit/Info.plist;
				INSTALL_PATH = "$(LOCAL_LIBRARY_DIR)/Frameworks";
				IPHONEOS_DEPLOYMENT_TARGET = 8.0;
				LD_RUNPATH_SEARCH_PATHS = (
					"$(inherited)",
					"@executable_path/Frameworks",
					"@loader_path/Frameworks",
				);
				PRODUCT_BUNDLE_IDENTIFIER = com.joyoki.JYKVideoKit;
				PRODUCT_NAME = "$(TARGET_NAME:c99extidentifier)";
				SKIP_INSTALL = YES;
				TARGETED_DEVICE_FAMILY = "1,2";
			};
			name = Debug;
		};
		697B37492223BF25002946EC /* Release */ = {
			isa = XCBuildConfiguration;
			buildSettings = {
				CODE_SIGN_IDENTITY = "";
				CODE_SIGN_STYLE = Automatic;
				DEFINES_MODULE = YES;
				DEVELOPMENT_TEAM = 2AG95DX2G9;
				DYLIB_COMPATIBILITY_VERSION = 1;
				DYLIB_CURRENT_VERSION = 1;
				DYLIB_INSTALL_NAME_BASE = "@rpath";
				ENABLE_BITCODE = NO;
				INFOPLIST_FILE = JYKVideoKit/Info.plist;
				INSTALL_PATH = "$(LOCAL_LIBRARY_DIR)/Frameworks";
				IPHONEOS_DEPLOYMENT_TARGET = 8.0;
				LD_RUNPATH_SEARCH_PATHS = (
					"$(inherited)",
					"@executable_path/Frameworks",
					"@loader_path/Frameworks",
				);
				PRODUCT_BUNDLE_IDENTIFIER = com.joyoki.JYKVideoKit;
				PRODUCT_NAME = "$(TARGET_NAME:c99extidentifier)";
				SKIP_INSTALL = YES;
				TARGETED_DEVICE_FAMILY = "1,2";
			};
			name = Release;
		};
		697B37C72224D530002946EC /* Debug */ = {
			isa = XCBuildConfiguration;
			buildSettings = {
				ASSETCATALOG_COMPILER_APPICON_NAME = AppIcon;
				CODE_SIGN_STYLE = Automatic;
				DEVELOPMENT_TEAM = 2AG95DX2G9;
				ENABLE_BITCODE = NO;
				INFOPLIST_FILE = JYKVideoDemo/Info.plist;
				IPHONEOS_DEPLOYMENT_TARGET = 8.0;
				LD_RUNPATH_SEARCH_PATHS = (
					"$(inherited)",
					"@executable_path/Frameworks",
				);
				PRODUCT_BUNDLE_IDENTIFIER = com.joyoki.JYKVideoDemo;
				PRODUCT_NAME = "$(TARGET_NAME)";
				TARGETED_DEVICE_FAMILY = "1,2";
			};
			name = Debug;
		};
		697B37C82224D530002946EC /* Release */ = {
			isa = XCBuildConfiguration;
			buildSettings = {
				ASSETCATALOG_COMPILER_APPICON_NAME = AppIcon;
				CODE_SIGN_STYLE = Automatic;
				DEVELOPMENT_TEAM = 2AG95DX2G9;
				ENABLE_BITCODE = NO;
				INFOPLIST_FILE = JYKVideoDemo/Info.plist;
				IPHONEOS_DEPLOYMENT_TARGET = 8.0;
				LD_RUNPATH_SEARCH_PATHS = (
					"$(inherited)",
					"@executable_path/Frameworks",
				);
				PRODUCT_BUNDLE_IDENTIFIER = com.joyoki.JYKVideoDemo;
				PRODUCT_NAME = "$(TARGET_NAME)";
				TARGETED_DEVICE_FAMILY = "1,2";
			};
			name = Release;
		};
/* End XCBuildConfiguration section */

/* Begin XCConfigurationList section */
		697B37392223BF24002946EC /* Build configuration list for PBXProject "JYKVideoKit" */ = {
			isa = XCConfigurationList;
			buildConfigurations = (
				697B37452223BF25002946EC /* Debug */,
				697B37462223BF25002946EC /* Release */,
			);
			defaultConfigurationIsVisible = 0;
			defaultConfigurationName = Release;
		};
		697B37472223BF25002946EC /* Build configuration list for PBXNativeTarget "JYKVideoKit" */ = {
			isa = XCConfigurationList;
			buildConfigurations = (
				697B37482223BF25002946EC /* Debug */,
				697B37492223BF25002946EC /* Release */,
			);
			defaultConfigurationIsVisible = 0;
			defaultConfigurationName = Release;
		};
		697B37C62224D530002946EC /* Build configuration list for PBXNativeTarget "JYKVideoDemo" */ = {
			isa = XCConfigurationList;
			buildConfigurations = (
				697B37C72224D530002946EC /* Debug */,
				697B37C82224D530002946EC /* Release */,
			);
			defaultConfigurationIsVisible = 0;
			defaultConfigurationName = Release;
		};
/* End XCConfigurationList section */
	};
	rootObject = 697B37362223BF24002946EC /* Project object */;
}
